
Microsoft Visual Studio Solution File, Format Version 12.00
# Visual Studio 2013
VisualStudioVersion = 12.0.31101.0
MinimumVisualStudioVersion = 10.0.40219.1
Project("{FAE04EC0-301F-11D3-BF4B-00C04F79EFBC}") = "NRecaptcha2", "NRecaptcha2\NRecaptcha2.csproj", "{C8C1CEDB-A99B-418C-B29B-9F9E9BACDB28}"
EndProject
Project("{FAE04EC0-301F-11D3-BF4B-00C04F79EFBC}") = "WebFormsSample", "WebFormsSample\WebFormsSample.csproj", "{308C255E-D2CB-4DD6-8F2B-0D27622A89BD}"
EndProject
Project("{E24C65DC-7377-472B-9ABA-BC803B73C61A}") = "WebPagesSample(1)", "http://localhost:56671", "{96424400-25E0-4F94-8558-429461694BBB}"
	ProjectSection(WebsiteProperties) = preProject
		UseIISExpress = "true"
		TargetFrameworkMoniker = ".NETFramework,Version%3Dv4.5"
		ProjectReferences = "{c8c1cedb-a99b-418c-b29b-9f9e9bacdb28}|NRecaptcha2.dll;"
		Debug.AspNetCompiler.VirtualPath = "/localhost_56671"
		Debug.AspNetCompiler.PhysicalPath = "WebPagesSample\"
		Debug.AspNetCompiler.TargetPath = "PrecompiledWeb\localhost_56671\"
		Debug.AspNetCompiler.Updateable = "true"
		Debug.AspNetCompiler.ForceOverwrite = "true"
		Debug.AspNetCompiler.FixedNames = "false"
		Debug.AspNetCompiler.Debug = "True"
		Release.AspNetCompiler.VirtualPath = "/localhost_56671"
		Release.AspNetCompiler.PhysicalPath = "WebPagesSample\"
		Release.AspNetCompiler.TargetPath = "PrecompiledWeb\localhost_56671\"
		Release.AspNetCompiler.Updateable = "true"
		Release.AspNetCompiler.ForceOverwrite = "true"
		Release.AspNetCompiler.FixedNames = "false"
		Release.AspNetCompiler.Debug = "False"
		SlnRelativePath = "WebPagesSample\"
		DefaultWebSiteLanguage = "Visual C#"
	EndProjectSection
EndProject
Project("{FAE04EC0-301F-11D3-BF4B-00C04F79EFBC}") = "MvcSample", "MvcSample\MvcSample.csproj", "{ADCE3A18-C5AD-4C13-90A2-A0FF567C17F7}"
EndProject
Project("{FAE04EC0-301F-11D3-BF4B-00C04F79EFBC}") = "NRecaptcha2_NET45", "NRecaptcha2_NET45\NRecaptcha2_NET45.csproj", "{F4BE8456-F0C1-4BD0-8753-F0D46C1FDBB9}"
EndProject
Project("{2150E333-8FDC-42A3-9474-1A3956D46DE8}") = ".nuget", ".nuget", "{FC3C16C7-0AAA-4A95-8BF6-5244446BF892}"
	ProjectSection(SolutionItems) = preProject
		.nuget\NuGet.Config = .nuget\NuGet.Config
		.nuget\NuGet.exe = .nuget\NuGet.exe
		.nuget\NuGet.targets = .nuget\NuGet.targets
	EndProjectSection
EndProject
Global
	GlobalSection(SolutionConfigurationPlatforms) = preSolution
		Debug|Any CPU = Debug|Any CPU
		Release|Any CPU = Release|Any CPU
	EndGlobalSection
	GlobalSection(ProjectConfigurationPlatforms) = postSolution
		{C8C1CEDB-A99B-418C-B29B-9F9E9BACDB28}.Debug|Any CPU.ActiveCfg = Debug|Any CPU
		{C8C1CEDB-A99B-418C-B29B-9F9E9BACDB28}.Debug|Any CPU.Build.0 = Debug|Any CPU
		{C8C1CEDB-A99B-418C-B29B-9F9E9BACDB28}.Release|Any CPU.ActiveCfg = Release|Any CPU
		{C8C1CEDB-A99B-418C-B29B-9F9E9BACDB28}.Release|Any CPU.Build.0 = Release|Any CPU
		{308C255E-D2CB-4DD6-8F2B-0D27622A89BD}.Debug|Any CPU.ActiveCfg = Debug|Any CPU
		{308C255E-D2CB-4DD6-8F2B-0D27622A89BD}.Debug|Any CPU.Build.0 = Debug|Any CPU
		{308C255E-D2CB-4DD6-8F2B-0D27622A89BD}.Release|Any CPU.ActiveCfg = Release|Any CPU
		{308C255E-D2CB-4DD6-8F2B-0D27622A89BD}.Release|Any CPU.Build.0 = Release|Any CPU
		{96424400-25E0-4F94-8558-429461694BBB}.Debug|Any CPU.ActiveCfg = Debug|Any CPU
		{96424400-25E0-4F94-8558-429461694BBB}.Debug|Any CPU.Build.0 = Debug|Any CPU
		{96424400-25E0-4F94-8558-429461694BBB}.Release|Any CPU.ActiveCfg = Debug|Any CPU
		{96424400-25E0-4F94-8558-429461694BBB}.Release|Any CPU.Build.0 = Debug|Any CPU
		{ADCE3A18-C5AD-4C13-90A2-A0FF567C17F7}.Debug|Any CPU.ActiveCfg = Debug|Any CPU
		{ADCE3A18-C5AD-4C13-90A2-A0FF567C17F7}.Debug|Any CPU.Build.0 = Debug|Any CPU
		{ADCE3A18-C5AD-4C13-90A2-A0FF567C17F7}.Release|Any CPU.ActiveCfg = Release|Any CPU
		{ADCE3A18-C5AD-4C13-90A2-A0FF567C17F7}.Release|Any CPU.Build.0 = Release|Any CPU
		{F4BE8456-F0C1-4BD0-8753-F0D46C1FDBB9}.Debug|Any CPU.ActiveCfg = Debug|Any CPU
		{F4BE8456-F0C1-4BD0-8753-F0D46C1FDBB9}.Debug|Any CPU.Build.0 = Debug|Any CPU
		{F4BE8456-F0C1-4BD0-8753-F0D46C1FDBB9}.Release|Any CPU.ActiveCfg = Release|Any CPU
		{F4BE8456-F0C1-4BD0-8753-F0D46C1FDBB9}.Release|Any CPU.Build.0 = Release|Any CPU
	EndGlobalSection
	GlobalSection(SolutionProperties) = preSolution
		HideSolutionNode = FALSE
	EndGlobalSection
EndGlobal
